
Microsoft Visual Studio Solution File, Format Version 12.00
# Visual Studio Version 17
VisualStudioVersion = 17.8.34408.163
MinimumVisualStudioVersion = 10.0.40219.1
Project("{FAE04EC0-301F-11D3-BF4B-00C04F79EFBC}") = "demo-api", "demo-api\demo-api.csproj", "{390F5B7C-3BAB-469B-BB9C-A23BF38D1D8E}"
EndProject
Global
	GlobalSection(SolutionConfigurationPlatforms) = preSolution
		Debug|Any CPU = Debug|Any CPU
		Release|Any CPU = Release|Any CPU
	EndGlobalSection
	GlobalSection(ProjectConfigurationPlatforms) = postSolution
		{390F5B7C-3BAB-469B-BB9C-A23BF38D1D8E}.Debug|Any CPU.ActiveCfg = Debug|Any CPU
		{390F5B7C-3BAB-469B-BB9C-A23BF38D1D8E}.Debug|Any CPU.Build.0 = Debug|Any CPU
		{390F5B7C-3BAB-469B-BB9C-A23BF38D1D8E}.Release|Any CPU.ActiveCfg = Release|Any CPU
		{390F5B7C-3BAB-469B-BB9C-A23BF38D1D8E}.Release|Any CPU.Build.0 = Release|Any CPU
	EndGlobalSection
	GlobalSection(SolutionProperties) = preSolution
		HideSolutionNode = FALSE
	EndGlobalSection
	GlobalSection(ExtensibilityGlobals) = postSolution
		SolutionGuid = {72F0F708-A2E5-4CDC-920F-D62446B62529}
	EndGlobalSection
EndGlobal
